{
  "version": 4,
  "terraform_version": "1.0.9",
  "serial": 186,
  "lineage": "811bde88-4d09-efaa-81eb-903014d95293",
  "outputs": {
    "cluster_id": {
      "value": "j-151GJN5YDDCAZ",
      "type": "string"
    },
    "cluster_name": {
      "value": "us-east-1",
      "type": "string"
    },
    "ec2_role": {
      "value": "us-east-1-ec2",
      "type": "string"
    },
    "master_host": {
      "value": "",
      "type": "string"
    },
    "master_public_dns": {
      "value": "ec2-107-20-1-29.compute-1.amazonaws.com",
      "type": "string"
    },
    "master_security_group_id": {
      "value": "sg-0ea04a34f11db0024",
      "type": "string"
    },
    "slave_security_group_id": {
      "value": "sg-03ee4b37dab724b48",
      "type": "string"
    }
  },
  "resources": [
    {
      "mode": "data",
      "type": "aws_iam_policy_document",
      "name": "assume_role_ec2",
      "provider": "provider[\"registry.terraform.io/hashicorp/aws\"]",
      "instances": [
        {
          "index_key": 0,
          "schema_version": 0,
          "attributes": {
            "id": "1903849331",
            "json": "{\n  \"Version\": \"2012-10-17\",\n  \"Statement\": [\n    {\n      \"Sid\": \"\",\n      \"Effect\": \"Allow\",\n      \"Action\": \"sts:AssumeRole\",\n      \"Principal\": {\n        \"Service\": \"ec2.amazonaws.com\"\n      }\n    }\n  ]\n}",
            "override_json": null,
            "override_policy_documents": null,
            "policy_id": null,
            "source_json": null,
            "source_policy_documents": null,
            "statement": [
              {
                "actions": [
                  "sts:AssumeRole"
                ],
                "condition": [],
                "effect": "Allow",
                "not_actions": [],
                "not_principals": [],
                "not_resources": [],
                "principals": [
                  {
                    "identifiers": [
                      "ec2.amazonaws.com"
                    ],
                    "type": "Service"
                  }
                ],
                "resources": [],
                "sid": ""
              }
            ],
            "version": "2012-10-17"
          },
          "sensitive_attributes": []
        }
      ]
    },
    {
      "mode": "data",
      "type": "aws_iam_policy_document",
      "name": "assume_role_emr",
      "provider": "provider[\"registry.terraform.io/hashicorp/aws\"]",
      "instances": [
        {
          "index_key": 0,
          "schema_version": 0,
          "attributes": {
            "id": "591677363",
            "json": "{\n  \"Version\": \"2012-10-17\",\n  \"Statement\": [\n    {\n      \"Sid\": \"\",\n      \"Effect\": \"Allow\",\n      \"Action\": \"sts:AssumeRole\",\n      \"Principal\": {\n        \"Service\": [\n          \"elasticmapreduce.amazonaws.com\",\n          \"application-autoscaling.amazonaws.com\"\n        ]\n      }\n    }\n  ]\n}",
            "override_json": null,
            "override_policy_documents": null,
            "policy_id": null,
            "source_json": null,
            "source_policy_documents": null,
            "statement": [
              {
                "actions": [
                  "sts:AssumeRole"
                ],
                "condition": [],
                "effect": "Allow",
                "not_actions": [],
                "not_principals": [],
                "not_resources": [],
                "principals": [
                  {
                    "identifiers": [
                      "application-autoscaling.amazonaws.com",
                      "elasticmapreduce.amazonaws.com"
                    ],
                    "type": "Service"
                  }
                ],
                "resources": [],
                "sid": ""
              }
            ],
            "version": "2012-10-17"
          },
          "sensitive_attributes": []
        }
      ]
    },
    {
      "mode": "data",
      "type": "aws_partition",
      "name": "current",
      "provider": "provider[\"registry.terraform.io/hashicorp/aws\"]",
      "instances": [
        {
          "schema_version": 0,
          "attributes": {
            "dns_suffix": "amazonaws.com",
            "id": "aws",
            "partition": "aws",
            "reverse_dns_prefix": "com.amazonaws"
          },
          "sensitive_attributes": []
        }
      ]
    },
    {
      "mode": "managed",
      "type": "aws_emr_cluster",
      "name": "default",
      "provider": "provider[\"registry.terraform.io/hashicorp/aws\"]",
      "instances": [
        {
          "index_key": 0,
          "schema_version": 0,
          "attributes": {
            "additional_info": null,
            "applications": [
              "Hive",
              "Spark"
            ],
            "arn": "arn:aws:elasticmapreduce:us-east-1:959044923143:cluster/j-151GJN5YDDCAZ",
            "autoscaling_role": "arn:aws:iam::959044923143:role/us-east-1-ec2-autoscaling",
            "bootstrap_action": [
              {
                "args": [
                  "9d4568c009d203ab10e33ea9953a0264"
                ],
                "name": "Dummy bootstrap action to prevent EMR cluster recreation when configuration_json has parameter javax.jdo.option.ConnectionPassword",
                "path": "file:/bin/echo"
              }
            ],
            "cluster_state": "WAITING",
            "configurations": null,
            "configurations_json": "",
            "core_instance_fleet": null,
            "core_instance_group": [
              {
                "autoscaling_policy": "",
                "bid_price": "",
                "ebs_config": [
                  {
                    "iops": null,
                    "size": 30,
                    "type": "gp2",
                    "volumes_per_instance": 1
                  }
                ],
                "id": "ig-85C5LLFMJ0NY",
                "instance_count": 1,
                "instance_type": "m5.xlarge",
                "name": "us-east-1-core"
              }
            ],
            "custom_ami_id": null,
            "ebs_root_volume_size": 10,
            "ec2_attributes": [
              {
                "additional_master_security_groups": "sg-0ea04a34f11db0024",
                "additional_slave_security_groups": "sg-03ee4b37dab724b48",
                "emr_managed_master_security_group": "sg-07958a73b405460bd",
                "emr_managed_slave_security_group": "sg-0a2639e79f6c60954",
                "instance_profile": "arn:aws:iam::959044923143:instance-profile/us-east-1-ec2",
                "key_name": "first-key",
                "service_access_security_group": "",
                "subnet_id": "",
                "subnet_ids": []
              }
            ],
            "id": "j-151GJN5YDDCAZ",
            "keep_job_flow_alive_when_no_steps": true,
            "kerberos_attributes": [],
            "log_encryption_kms_key_id": "",
            "log_uri": "",
            "master_instance_fleet": null,
            "master_instance_group": [
              {
                "bid_price": "",
                "ebs_config": [
                  {
                    "iops": null,
                    "size": 30,
                    "type": "gp2",
                    "volumes_per_instance": 1
                  }
                ],
                "id": "ig-CZ2HVSOQPTB3",
                "instance_count": 1,
                "instance_type": "m5.xlarge",
                "name": "us-east-1-master"
              }
            ],
            "master_public_dns": "ec2-107-20-1-29.compute-1.amazonaws.com",
            "name": "us-east-1",
            "release_label": "emr-5.25.0",
            "scale_down_behavior": "TERMINATE_AT_TASK_COMPLETION",
            "security_configuration": "",
            "service_role": "arn:aws:iam::959044923143:role/us-east-1-emr",
            "step": [],
            "step_concurrency_level": 1,
            "tags": {
              "Environment": "us-east-1",
              "Name": "us-east-1"
            },
            "tags_all": {
              "Environment": "us-east-1",
              "Name": "us-east-1"
            },
            "termination_protection": false,
            "visible_to_all_users": true
          },
          "sensitive_attributes": [],
          "private": "bnVsbA==",
          "dependencies": [
            "aws_iam_instance_profile.ec2",
            "aws_iam_role.ec2_autoscaling",
            "aws_iam_role.emr",
            "aws_security_group.managed_master",
            "aws_security_group.managed_service_access",
            "aws_security_group.managed_slave",
            "aws_security_group.master",
            "aws_security_group.slave"
          ]
        }
      ]
    },
    {
      "mode": "managed",
      "type": "aws_iam_instance_profile",
      "name": "ec2",
      "provider": "provider[\"registry.terraform.io/hashicorp/aws\"]",
      "instances": [
        {
          "index_key": 0,
          "schema_version": 0,
          "attributes": {
            "arn": "arn:aws:iam::959044923143:instance-profile/us-east-1-ec2",
            "create_date": "2021-10-17T11:30:17Z",
            "id": "us-east-1-ec2",
            "name": "us-east-1-ec2",
            "name_prefix": null,
            "path": "/",
            "role": "us-east-1-ec2",
            "tags": {},
            "tags_all": {},
            "unique_id": "AIPA56S4IF4DT5BSAKQQP"
          },
          "sensitive_attributes": [],
          "private": "bnVsbA==",
          "dependencies": [
            "aws_iam_role.ec2",
            "data.aws_iam_policy_document.assume_role_ec2"
          ]
        }
      ]
    },
    {
      "mode": "managed",
      "type": "aws_iam_role",
      "name": "ec2",
      "provider": "provider[\"registry.terraform.io/hashicorp/aws\"]",
      "instances": [
        {
          "index_key": 0,
          "schema_version": 0,
          "attributes": {
            "arn": "arn:aws:iam::959044923143:role/us-east-1-ec2",
            "assume_role_policy": "{\"Version\":\"2012-10-17\",\"Statement\":[{\"Sid\":\"\",\"Effect\":\"Allow\",\"Principal\":{\"Service\":\"ec2.amazonaws.com\"},\"Action\":\"sts:AssumeRole\"}]}",
            "create_date": "2021-10-17T11:30:17Z",
            "description": "",
            "force_detach_policies": false,
            "id": "us-east-1-ec2",
            "inline_policy": [
              {
                "name": "",
                "policy": ""
              }
            ],
            "managed_policy_arns": [
              "arn:aws:iam::aws:policy/service-role/AmazonElasticMapReduceforEC2Role"
            ],
            "max_session_duration": 3600,
            "name": "us-east-1-ec2",
            "name_prefix": "",
            "path": "/",
            "permissions_boundary": "",
            "tags": {
              "Environment": "us-east-1",
              "Name": "us-east-1"
            },
            "tags_all": {
              "Environment": "us-east-1",
              "Name": "us-east-1"
            },
            "unique_id": "AROA56S4IF4D6EWRSWG7P"
          },
          "sensitive_attributes": [],
          "private": "bnVsbA==",
          "dependencies": [
            "data.aws_iam_policy_document.assume_role_ec2"
          ]
        }
      ]
    },
    {
      "mode": "managed",
      "type": "aws_iam_role",
      "name": "ec2_autoscaling",
      "provider": "provider[\"registry.terraform.io/hashicorp/aws\"]",
      "instances": [
        {
          "index_key": 0,
          "schema_version": 0,
          "attributes": {
            "arn": "arn:aws:iam::959044923143:role/us-east-1-ec2-autoscaling",
            "assume_role_policy": "{\"Version\":\"2012-10-17\",\"Statement\":[{\"Sid\":\"\",\"Effect\":\"Allow\",\"Principal\":{\"Service\":[\"elasticmapreduce.amazonaws.com\",\"application-autoscaling.amazonaws.com\"]},\"Action\":\"sts:AssumeRole\"}]}",
            "create_date": "2021-10-17T11:30:16Z",
            "description": "",
            "force_detach_policies": false,
            "id": "us-east-1-ec2-autoscaling",
            "inline_policy": [
              {
                "name": "",
                "policy": ""
              }
            ],
            "managed_policy_arns": [
              "arn:aws:iam::aws:policy/service-role/AmazonElasticMapReduceforAutoScalingRole"
            ],
            "max_session_duration": 3600,
            "name": "us-east-1-ec2-autoscaling",
            "name_prefix": "",
            "path": "/",
            "permissions_boundary": "",
            "tags": {
              "Environment": "us-east-1",
              "Name": "us-east-1"
            },
            "tags_all": {
              "Environment": "us-east-1",
              "Name": "us-east-1"
            },
            "unique_id": "AROA56S4IF4DTJETZBDUC"
          },
          "sensitive_attributes": [],
          "private": "bnVsbA==",
          "dependencies": [
            "data.aws_iam_policy_document.assume_role_emr"
          ]
        }
      ]
    },
    {
      "mode": "managed",
      "type": "aws_iam_role",
      "name": "emr",
      "provider": "provider[\"registry.terraform.io/hashicorp/aws\"]",
      "instances": [
        {
          "index_key": 0,
          "schema_version": 0,
          "attributes": {
            "arn": "arn:aws:iam::959044923143:role/us-east-1-emr",
            "assume_role_policy": "{\"Version\":\"2012-10-17\",\"Statement\":[{\"Sid\":\"\",\"Effect\":\"Allow\",\"Principal\":{\"Service\":[\"elasticmapreduce.amazonaws.com\",\"application-autoscaling.amazonaws.com\"]},\"Action\":\"sts:AssumeRole\"}]}",
            "create_date": "2021-10-17T11:30:16Z",
            "description": "",
            "force_detach_policies": false,
            "id": "us-east-1-emr",
            "inline_policy": [
              {
                "name": "",
                "policy": ""
              }
            ],
            "managed_policy_arns": [
              "arn:aws:iam::aws:policy/service-role/AmazonElasticMapReduceRole"
            ],
            "max_session_duration": 3600,
            "name": "us-east-1-emr",
            "name_prefix": "",
            "path": "/",
            "permissions_boundary": "",
            "tags": {
              "Environment": "us-east-1",
              "Name": "us-east-1"
            },
            "tags_all": {
              "Environment": "us-east-1",
              "Name": "us-east-1"
            },
            "unique_id": "AROA56S4IF4DU5VJU4GUZ"
          },
          "sensitive_attributes": [],
          "private": "bnVsbA==",
          "dependencies": [
            "data.aws_iam_policy_document.assume_role_emr"
          ]
        }
      ]
    },
    {
      "mode": "managed",
      "type": "aws_iam_role_policy_attachment",
      "name": "ec2",
      "provider": "provider[\"registry.terraform.io/hashicorp/aws\"]",
      "instances": [
        {
          "index_key": 0,
          "schema_version": 0,
          "attributes": {
            "id": "us-east-1-ec2-20211017113017298700000002",
            "policy_arn": "arn:aws:iam::aws:policy/service-role/AmazonElasticMapReduceforEC2Role",
            "role": "us-east-1-ec2"
          },
          "sensitive_attributes": [],
          "private": "bnVsbA==",
          "dependencies": [
            "data.aws_partition.current",
            "aws_iam_role.ec2",
            "data.aws_iam_policy_document.assume_role_ec2"
          ]
        }
      ]
    },
    {
      "mode": "managed",
      "type": "aws_iam_role_policy_attachment",
      "name": "ec2_autoscaling",
      "provider": "provider[\"registry.terraform.io/hashicorp/aws\"]",
      "instances": [
        {
          "index_key": 0,
          "schema_version": 0,
          "attributes": {
            "id": "us-east-1-ec2-autoscaling-20211017113017308100000003",
            "policy_arn": "arn:aws:iam::aws:policy/service-role/AmazonElasticMapReduceforAutoScalingRole",
            "role": "us-east-1-ec2-autoscaling"
          },
          "sensitive_attributes": [],
          "private": "bnVsbA==",
          "dependencies": [
            "aws_iam_role.ec2_autoscaling",
            "data.aws_iam_policy_document.assume_role_emr",
            "data.aws_partition.current"
          ]
        }
      ]
    },
    {
      "mode": "managed",
      "type": "aws_iam_role_policy_attachment",
      "name": "emr",
      "provider": "provider[\"registry.terraform.io/hashicorp/aws\"]",
      "instances": [
        {
          "index_key": 0,
          "schema_version": 0,
          "attributes": {
            "id": "us-east-1-emr-20211017113017289300000001",
            "policy_arn": "arn:aws:iam::aws:policy/service-role/AmazonElasticMapReduceRole",
            "role": "us-east-1-emr"
          },
          "sensitive_attributes": [],
          "private": "bnVsbA==",
          "dependencies": [
            "aws_iam_role.emr",
            "data.aws_iam_policy_document.assume_role_emr",
            "data.aws_partition.current"
          ]
        }
      ]
    },
    {
      "mode": "managed",
      "type": "aws_security_group",
      "name": "managed_master",
      "provider": "provider[\"registry.terraform.io/hashicorp/aws\"]",
      "instances": [
        {
          "index_key": 0,
          "schema_version": 1,
          "attributes": {
            "arn": "arn:aws:ec2:us-east-1:959044923143:security-group/sg-07958a73b405460bd",
            "description": "EmrManagedMasterSecurityGroup",
            "egress": [],
            "id": "sg-07958a73b405460bd",
            "ingress": [],
            "name": "us-east-1-master-managed",
            "name_prefix": "",
            "owner_id": "959044923143",
            "revoke_rules_on_delete": true,
            "tags": {
              "Attributes": "master-managed",
              "Environment": "us-east-1",
              "Name": "us-east-1-master-managed"
            },
            "tags_all": {
              "Attributes": "master-managed",
              "Environment": "us-east-1",
              "Name": "us-east-1-master-managed"
            },
            "timeouts": null,
            "vpc_id": "vpc-0fea2a06f80131f80"
          },
          "sensitive_attributes": [],
          "private": "eyJlMmJmYjczMC1lY2FhLTExZTYtOGY4OC0zNDM2M2JjN2M0YzAiOnsiY3JlYXRlIjo2MDAwMDAwMDAwMDAsImRlbGV0ZSI6OTAwMDAwMDAwMDAwfSwic2NoZW1hX3ZlcnNpb24iOiIxIn0="
        }
      ]
    },
    {
      "mode": "managed",
      "type": "aws_security_group",
      "name": "managed_slave",
      "provider": "provider[\"registry.terraform.io/hashicorp/aws\"]",
      "instances": [
        {
          "index_key": 0,
          "schema_version": 1,
          "attributes": {
            "arn": "arn:aws:ec2:us-east-1:959044923143:security-group/sg-0a2639e79f6c60954",
            "description": "EmrManagedSlaveSecurityGroup",
            "egress": [],
            "id": "sg-0a2639e79f6c60954",
            "ingress": [],
            "name": "us-east-1-slave-managed",
            "name_prefix": "",
            "owner_id": "959044923143",
            "revoke_rules_on_delete": true,
            "tags": {
              "Attributes": "slave-managed",
              "Environment": "us-east-1",
              "Name": "us-east-1-slave-managed"
            },
            "tags_all": {
              "Attributes": "slave-managed",
              "Environment": "us-east-1",
              "Name": "us-east-1-slave-managed"
            },
            "timeouts": null,
            "vpc_id": "vpc-0fea2a06f80131f80"
          },
          "sensitive_attributes": [],
          "private": "eyJlMmJmYjczMC1lY2FhLTExZTYtOGY4OC0zNDM2M2JjN2M0YzAiOnsiY3JlYXRlIjo2MDAwMDAwMDAwMDAsImRlbGV0ZSI6OTAwMDAwMDAwMDAwfSwic2NoZW1hX3ZlcnNpb24iOiIxIn0="
        }
      ]
    },
    {
      "mode": "managed",
      "type": "aws_security_group",
      "name": "master",
      "provider": "provider[\"registry.terraform.io/hashicorp/aws\"]",
      "instances": [
        {
          "index_key": 0,
          "schema_version": 1,
          "attributes": {
            "arn": "arn:aws:ec2:us-east-1:959044923143:security-group/sg-0ea04a34f11db0024",
            "description": "Allow inbound traffic from Security Groups and CIDRs for masters. Allow all outbound traffic",
            "egress": [],
            "id": "sg-0ea04a34f11db0024",
            "ingress": [],
            "name": "us-east-1-master",
            "name_prefix": "",
            "owner_id": "959044923143",
            "revoke_rules_on_delete": true,
            "tags": {
              "Attributes": "master",
              "Environment": "us-east-1",
              "Name": "us-east-1-master"
            },
            "tags_all": {
              "Attributes": "master",
              "Environment": "us-east-1",
              "Name": "us-east-1-master"
            },
            "timeouts": null,
            "vpc_id": "vpc-0fea2a06f80131f80"
          },
          "sensitive_attributes": [],
          "private": "eyJlMmJmYjczMC1lY2FhLTExZTYtOGY4OC0zNDM2M2JjN2M0YzAiOnsiY3JlYXRlIjo2MDAwMDAwMDAwMDAsImRlbGV0ZSI6OTAwMDAwMDAwMDAwfSwic2NoZW1hX3ZlcnNpb24iOiIxIn0="
        }
      ]
    },
    {
      "mode": "managed",
      "type": "aws_security_group",
      "name": "slave",
      "provider": "provider[\"registry.terraform.io/hashicorp/aws\"]",
      "instances": [
        {
          "index_key": 0,
          "schema_version": 1,
          "attributes": {
            "arn": "arn:aws:ec2:us-east-1:959044923143:security-group/sg-03ee4b37dab724b48",
            "description": "Allow inbound traffic from Security Groups and CIDRs for slaves. Allow all outbound traffic",
            "egress": [],
            "id": "sg-03ee4b37dab724b48",
            "ingress": [],
            "name": "us-east-1-slave",
            "name_prefix": "",
            "owner_id": "959044923143",
            "revoke_rules_on_delete": true,
            "tags": {
              "Attributes": "slave",
              "Environment": "us-east-1",
              "Name": "us-east-1-slave"
            },
            "tags_all": {
              "Attributes": "slave",
              "Environment": "us-east-1",
              "Name": "us-east-1-slave"
            },
            "timeouts": null,
            "vpc_id": "vpc-0fea2a06f80131f80"
          },
          "sensitive_attributes": [],
          "private": "eyJlMmJmYjczMC1lY2FhLTExZTYtOGY4OC0zNDM2M2JjN2M0YzAiOnsiY3JlYXRlIjo2MDAwMDAwMDAwMDAsImRlbGV0ZSI6OTAwMDAwMDAwMDAwfSwic2NoZW1hX3ZlcnNpb24iOiIxIn0="
        }
      ]
    },
    {
      "mode": "managed",
      "type": "aws_security_group_rule",
      "name": "managed_master_egress",
      "provider": "provider[\"registry.terraform.io/hashicorp/aws\"]",
      "instances": [
        {
          "index_key": 0,
          "schema_version": 2,
          "attributes": {
            "cidr_blocks": [
              "0.0.0.0/0"
            ],
            "description": "Allow all egress traffic",
            "from_port": 0,
            "id": "sgrule-2842650578",
            "ipv6_cidr_blocks": [
              "::/0"
            ],
            "prefix_list_ids": null,
            "protocol": "-1",
            "security_group_id": "sg-07958a73b405460bd",
            "self": false,
            "source_security_group_id": null,
            "to_port": 0,
            "type": "egress"
          },
          "sensitive_attributes": [],
          "private": "eyJzY2hlbWFfdmVyc2lvbiI6IjIifQ==",
          "dependencies": [
            "aws_security_group.managed_master"
          ]
        }
      ]
    },
    {
      "mode": "managed",
      "type": "aws_security_group_rule",
      "name": "managed_slave_egress",
      "provider": "provider[\"registry.terraform.io/hashicorp/aws\"]",
      "instances": [
        {
          "index_key": 0,
          "schema_version": 2,
          "attributes": {
            "cidr_blocks": [
              "0.0.0.0/0"
            ],
            "description": "Allow all egress traffic",
            "from_port": 0,
            "id": "sgrule-2460395630",
            "ipv6_cidr_blocks": [
              "::/0"
            ],
            "prefix_list_ids": null,
            "protocol": "-1",
            "security_group_id": "sg-0a2639e79f6c60954",
            "self": false,
            "source_security_group_id": null,
            "to_port": 0,
            "type": "egress"
          },
          "sensitive_attributes": [],
          "private": "eyJzY2hlbWFfdmVyc2lvbiI6IjIifQ==",
          "dependencies": [
            "aws_security_group.managed_slave"
          ]
        }
      ]
    },
    {
      "mode": "managed",
      "type": "aws_security_group_rule",
      "name": "master_egress",
      "provider": "provider[\"registry.terraform.io/hashicorp/aws\"]",
      "instances": [
        {
          "index_key": 0,
          "schema_version": 2,
          "attributes": {
            "cidr_blocks": [
              "0.0.0.0/0"
            ],
            "description": "Allow all egress traffic",
            "from_port": 0,
            "id": "sgrule-111932620",
            "ipv6_cidr_blocks": null,
            "prefix_list_ids": null,
            "protocol": "tcp",
            "security_group_id": "sg-0ea04a34f11db0024",
            "self": false,
            "source_security_group_id": null,
            "to_port": 65535,
            "type": "egress"
          },
          "sensitive_attributes": [],
          "private": "eyJzY2hlbWFfdmVyc2lvbiI6IjIifQ==",
          "dependencies": [
            "aws_security_group.master"
          ]
        }
      ]
    },
    {
      "mode": "managed",
      "type": "aws_security_group_rule",
      "name": "slave_egress",
      "provider": "provider[\"registry.terraform.io/hashicorp/aws\"]",
      "instances": [
        {
          "index_key": 0,
          "schema_version": 2,
          "attributes": {
            "cidr_blocks": [
              "0.0.0.0/0"
            ],
            "description": "Allow all egress traffic",
            "from_port": 0,
            "id": "sgrule-194663958",
            "ipv6_cidr_blocks": null,
            "prefix_list_ids": null,
            "protocol": "tcp",
            "security_group_id": "sg-03ee4b37dab724b48",
            "self": false,
            "source_security_group_id": null,
            "to_port": 65535,
            "type": "egress"
          },
          "sensitive_attributes": [],
          "private": "eyJzY2hlbWFfdmVyc2lvbiI6IjIifQ==",
          "dependencies": [
            "aws_security_group.slave"
          ]
        }
      ]
    }
  ]
}
